{
  "name": "compliance-monitoring",
  "lockfileVersion": 3,
  "requires": true,
  "packages": {
    "": {
      "dependencies": {
        "@azure/msal-browser": "^4.26.1"
      }
    },
    "node_modules/@azure/msal-browser": {
      "version": "4.26.1",
      "resolved": "https://registry.npmjs.org/@azure/msal-browser/-/msal-browser-4.26.1.tgz",
      "integrity": "sha512-GGCIsZXxyNm5QcQZ4maA9q+9UWmM+/87G+ybvPkrE32el1URSa9WYt0t67ks3/P0gspZX9RoEqyLqJ/X/JDnBQ==",
      "license": "MIT",
      "dependencies": {
        "@azure/msal-common": "15.13.1"
      },
      "engines": {
        "node": ">=0.8.0"
      }
    },
    "node_modules/@azure/msal-common": {
      "version": "15.13.1",
      "resolved": "https://registry.npmjs.org/@azure/msal-common/-/msal-common-15.13.1.tgz",
      "integrity": "sha512-vQYQcG4J43UWgo1lj7LcmdsGUKWYo28RfEvDQAEMmQIMjSFufvb+pS0FJ3KXmrPmnWlt1vHDl3oip6mIDUQ4uA==",
      "license": "MIT",
      "engines": {
        "node": ">=0.8.0"
      }
    }
  }
}
